
Microsoft Visual Studio Solution File, Format Version 12.00
# Visual Studio Version 17
VisualStudioVersion = 17.13.35825.156 d17.13
MinimumVisualStudioVersion = 10.0.40219.1
Project("{FAE04EC0-301F-11D3-BF4B-00C04F79EFBC}") = "winForms ZZ", "winForms ZZ\winForms ZZ.csproj", "{B75C030A-8256-46E0-AF21-3756370E940C}"
EndProject
Project("{FAE04EC0-301F-11D3-BF4B-00C04F79EFBC}") = "mylib", "mylib\mylib.csproj", "{CC5936B0-60D4-43CB-96DB-B4C2666D8F8D}"
EndProject
Project("{FAE04EC0-301F-11D3-BF4B-00C04F79EFBC}") = "Testing", "Testing\Testing.csproj", "{804109FF-E4A2-4A7C-94F5-874F65B01D79}"
EndProject
Global
	GlobalSection(SolutionConfigurationPlatforms) = preSolution
		Debug|Any CPU = Debug|Any CPU
		Release|Any CPU = Release|Any CPU
	EndGlobalSection
	GlobalSection(ProjectConfigurationPlatforms) = postSolution
		{B75C030A-8256-46E0-AF21-3756370E940C}.Debug|Any CPU.ActiveCfg = Debug|Any CPU
		{B75C030A-8256-46E0-AF21-3756370E940C}.Debug|Any CPU.Build.0 = Debug|Any CPU
		{B75C030A-8256-46E0-AF21-3756370E940C}.Release|Any CPU.ActiveCfg = Release|Any CPU
		{B75C030A-8256-46E0-AF21-3756370E940C}.Release|Any CPU.Build.0 = Release|Any CPU
		{CC5936B0-60D4-43CB-96DB-B4C2666D8F8D}.Debug|Any CPU.ActiveCfg = Debug|Any CPU
		{CC5936B0-60D4-43CB-96DB-B4C2666D8F8D}.Debug|Any CPU.Build.0 = Debug|Any CPU
		{CC5936B0-60D4-43CB-96DB-B4C2666D8F8D}.Release|Any CPU.ActiveCfg = Release|Any CPU
		{CC5936B0-60D4-43CB-96DB-B4C2666D8F8D}.Release|Any CPU.Build.0 = Release|Any CPU
		{804109FF-E4A2-4A7C-94F5-874F65B01D79}.Debug|Any CPU.ActiveCfg = Debug|Any CPU
		{804109FF-E4A2-4A7C-94F5-874F65B01D79}.Debug|Any CPU.Build.0 = Debug|Any CPU
		{804109FF-E4A2-4A7C-94F5-874F65B01D79}.Release|Any CPU.ActiveCfg = Release|Any CPU
		{804109FF-E4A2-4A7C-94F5-874F65B01D79}.Release|Any CPU.Build.0 = Release|Any CPU
	EndGlobalSection
	GlobalSection(SolutionProperties) = preSolution
		HideSolutionNode = FALSE
	EndGlobalSection
	GlobalSection(ExtensibilityGlobals) = postSolution
		SolutionGuid = {B7EDA128-009A-409C-BCDC-C483C5AEF07C}
	EndGlobalSection
EndGlobal
